// !$*UTF8*$!
{
	archiveVersion = 1;
	classes = {
	};
	objectVersion = 46;
	objects = {

/* Begin PBXBuildFile section */
		70288C6A1BC7BD56007FB970 /* main.m in Sources */ = {isa = PBXBuildFile; fileRef = 70288C691BC7BD56007FB970 /* main.m */; };
		70288C6D1BC7BD56007FB970 /* AppDelegate.m in Sources */ = {isa = PBXBuildFile; fileRef = 70288C6C1BC7BD56007FB970 /* AppDelegate.m */; };
		70288C701BC7BD56007FB970 /* ViewController.m in Sources */ = {isa = PBXBuildFile; fileRef = 70288C6F1BC7BD56007FB970 /* ViewController.m */; };
		70288C731BC7BD56007FB970 /* Main.storyboard in Resources */ = {isa = PBXBuildFile; fileRef = 70288C711BC7BD56007FB970 /* Main.storyboard */; };
		70288C751BC7BD56007FB970 /* Assets.xcassets in Resources */ = {isa = PBXBuildFile; fileRef = 70288C741BC7BD56007FB970 /* Assets.xcassets */; };
		70288C781BC7BD56007FB970 /* LaunchScreen.storyboard in Resources */ = {isa = PBXBuildFile; fileRef = 70288C761BC7BD56007FB970 /* LaunchScreen.storyboard */; };
		70288C831BC7BD57007FB970 /* helloAppleWatchTests.m in Sources */ = {isa = PBXBuildFile; fileRef = 70288C821BC7BD57007FB970 /* helloAppleWatchTests.m */; };
		70288C8E1BC7BD57007FB970 /* helloAppleWatchUITests.m in Sources */ = {isa = PBXBuildFile; fileRef = 70288C8D1BC7BD57007FB970 /* helloAppleWatchUITests.m */; };
		70288CA51BC7BD72007FB970 /* InterfaceController.m in Sources */ = {isa = PBXBuildFile; fileRef = 70288CA41BC7BD72007FB970 /* InterfaceController.m */; };
		70288CA81BC7BD72007FB970 /* NotificationController.m in Sources */ = {isa = PBXBuildFile; fileRef = 70288CA71BC7BD72007FB970 /* NotificationController.m */; };
		70288CAA1BC7BD72007FB970 /* Assets.xcassets in Resources */ = {isa = PBXBuildFile; fileRef = 70288CA91BC7BD72007FB970 /* Assets.xcassets */; };
		70288CAF1BC7BD72007FB970 /* helloAppleWatch WatchKit 1 App.app in Resources */ = {isa = PBXBuildFile; fileRef = 70288CAE1BC7BD72007FB970 /* helloAppleWatch WatchKit 1 App.app */; };
		70288CB51BC7BD72007FB970 /* Interface.storyboard in Resources */ = {isa = PBXBuildFile; fileRef = 70288CB31BC7BD72007FB970 /* Interface.storyboard */; };
		70288CB71BC7BD72007FB970 /* Assets.xcassets in Resources */ = {isa = PBXBuildFile; fileRef = 70288CB61BC7BD72007FB970 /* Assets.xcassets */; };
		70288CBB1BC7BD72007FB970 /* helloAppleWatch WatchKit 1 Extension.appex in Embed App Extensions */ = {isa = PBXBuildFile; fileRef = 70288C9F1BC7BD72007FB970 /* helloAppleWatch WatchKit 1 Extension.appex */; settings = {ATTRIBUTES = (RemoveHeadersOnCopy, ); }; };
/* End PBXBuildFile section */

/* Begin PBXContainerItemProxy section */
		70288C7F1BC7BD57007FB970 /* PBXContainerItemProxy */ = {
			isa = PBXContainerItemProxy;
			containerPortal = 70288C5D1BC7BD56007FB970 /* Project object */;
			proxyType = 1;
			remoteGlobalIDString = 70288C641BC7BD56007FB970;
			remoteInfo = helloAppleWatch;
		};
		70288C8A1BC7BD57007FB970 /* PBXContainerItemProxy */ = {
			isa = PBXContainerItemProxy;
			containerPortal = 70288C5D1BC7BD56007FB970 /* Project object */;
			proxyType = 1;
			remoteGlobalIDString = 70288C641BC7BD56007FB970;
			remoteInfo = helloAppleWatch;
		};
		70288CB01BC7BD72007FB970 /* PBXContainerItemProxy */ = {
			isa = PBXContainerItemProxy;
			containerPortal = 70288C5D1BC7BD56007FB970 /* Project object */;
			proxyType = 1;
			remoteGlobalIDString = 70288CAD1BC7BD72007FB970;
			remoteInfo = "helloAppleWatch WatchKit 1 App";
		};
		70288CB91BC7BD72007FB970 /* PBXContainerItemProxy */ = {
			isa = PBXContainerItemProxy;
			containerPortal = 70288C5D1BC7BD56007FB970 /* Project object */;
			proxyType = 1;
			remoteGlobalIDString = 70288C9E1BC7BD72007FB970;
			remoteInfo = "helloAppleWatch WatchKit 1 Extension";
		};
/* End PBXContainerItemProxy section */

/* Begin PBXCopyFilesBuildPhase section */
		70288CC21BC7BD72007FB970 /* Embed App Extensions */ = {
			isa = PBXCopyFilesBuildPhase;
			buildActionMask = 2147483647;
			dstPath = "";
			dstSubfolderSpec = 13;
			files = (
				70288CBB1BC7BD72007FB970 /* helloAppleWatch WatchKit 1 Extension.appex in Embed App Extensions */,
			);
			name = "Embed App Extensions";
			runOnlyForDeploymentPostprocessing = 0;
		};
/* End PBXCopyFilesBuildPhase section */

/* Begin PBXFileReference section */
		70288C651BC7BD56007FB970 /* helloAppleWatch.app */ = {isa = PBXFileReference; explicitFileType = wrapper.application; includeInIndex = 0; path = helloAppleWatch.app; sourceTree = BUILT_PRODUCTS_DIR; };
		70288C691BC7BD56007FB970 /* main.m */ = {isa = PBXFileReference; lastKnownFileType = sourcecode.c.objc; path = main.m; sourceTree = "<group>"; };
		70288C6B1BC7BD56007FB970 /* AppDelegate.h */ = {isa = PBXFileReference; lastKnownFileType = sourcecode.c.h; path = AppDelegate.h; sourceTree = "<group>"; };
		70288C6C1BC7BD56007FB970 /* AppDelegate.m */ = {isa = PBXFileReference; lastKnownFileType = sourcecode.c.objc; path = AppDelegate.m; sourceTree = "<group>"; };
		70288C6E1BC7BD56007FB970 /* ViewController.h */ = {isa = PBXFileReference; lastKnownFileType = sourcecode.c.h; path = ViewController.h; sourceTree = "<group>"; };
		70288C6F1BC7BD56007FB970 /* ViewController.m */ = {isa = PBXFileReference; lastKnownFileType = sourcecode.c.objc; path = ViewController.m; sourceTree = "<group>"; };
		70288C721BC7BD56007FB970 /* Base */ = {isa = PBXFileReference; lastKnownFileType = file.storyboard; name = Base; path = Base.lproj/Main.storyboard; sourceTree = "<group>"; };
		70288C741BC7BD56007FB970 /* Assets.xcassets */ = {isa = PBXFileReference; lastKnownFileType = folder.assetcatalog; path = Assets.xcassets; sourceTree = "<group>"; };
		70288C771BC7BD56007FB970 /* Base */ = {isa = PBXFileReference; lastKnownFileType = file.storyboard; name = Base; path = Base.lproj/LaunchScreen.storyboard; sourceTree = "<group>"; };
		70288C791BC7BD56007FB970 /* Info.plist */ = {isa = PBXFileReference; lastKnownFileType = text.plist.xml; path = Info.plist; sourceTree = "<group>"; };
		70288C7E1BC7BD57007FB970 /* helloAppleWatchTests.xctest */ = {isa = PBXFileReference; explicitFileType = wrapper.cfbundle; includeInIndex = 0; path = helloAppleWatchTests.xctest; sourceTree = BUILT_PRODUCTS_DIR; };
		70288C821BC7BD57007FB970 /* helloAppleWatchTests.m */ = {isa = PBXFileReference; lastKnownFileType = sourcecode.c.objc; path = helloAppleWatchTests.m; sourceTree = "<group>"; };
		70288C841BC7BD57007FB970 /* Info.plist */ = {isa = PBXFileReference; lastKnownFileType = text.plist.xml; path = Info.plist; sourceTree = "<group>"; };
		70288C891BC7BD57007FB970 /* helloAppleWatchUITests.xctest */ = {isa = PBXFileReference; explicitFileType = wrapper.cfbundle; includeInIndex = 0; path = helloAppleWatchUITests.xctest; sourceTree = BUILT_PRODUCTS_DIR; };
		70288C8D1BC7BD57007FB970 /* helloAppleWatchUITests.m */ = {isa = PBXFileReference; lastKnownFileType = sourcecode.c.objc; path = helloAppleWatchUITests.m; sourceTree = "<group>"; };
		70288C8F1BC7BD57007FB970 /* Info.plist */ = {isa = PBXFileReference; lastKnownFileType = text.plist.xml; path = Info.plist; sourceTree = "<group>"; };
		70288C9F1BC7BD72007FB970 /* helloAppleWatch WatchKit 1 Extension.appex */ = {isa = PBXFileReference; explicitFileType = "wrapper.app-extension"; includeInIndex = 0; path = "helloAppleWatch WatchKit 1 Extension.appex"; sourceTree = BUILT_PRODUCTS_DIR; };
		70288CA21BC7BD72007FB970 /* PushNotificationPayload.apns */ = {isa = PBXFileReference; lastKnownFileType = text; path = PushNotificationPayload.apns; sourceTree = "<group>"; };
		70288CA31BC7BD72007FB970 /* InterfaceController.h */ = {isa = PBXFileReference; lastKnownFileType = sourcecode.c.h; path = InterfaceController.h; sourceTree = "<group>"; };
		70288CA41BC7BD72007FB970 /* InterfaceController.m */ = {isa = PBXFileReference; lastKnownFileType = sourcecode.c.objc; path = InterfaceController.m; sourceTree = "<group>"; };
		70288CA61BC7BD72007FB970 /* NotificationController.h */ = {isa = PBXFileReference; lastKnownFileType = sourcecode.c.h; path = NotificationController.h; sourceTree = "<group>"; };
		70288CA71BC7BD72007FB970 /* NotificationController.m */ = {isa = PBXFileReference; lastKnownFileType = sourcecode.c.objc; path = NotificationController.m; sourceTree = "<group>"; };
		70288CA91BC7BD72007FB970 /* Assets.xcassets */ = {isa = PBXFileReference; lastKnownFileType = folder.assetcatalog; path = Assets.xcassets; sourceTree = "<group>"; };
		70288CAB1BC7BD72007FB970 /* Info.plist */ = {isa = PBXFileReference; lastKnownFileType = text.plist.xml; path = Info.plist; sourceTree = "<group>"; };
		70288CAE1BC7BD72007FB970 /* helloAppleWatch WatchKit 1 App.app */ = {isa = PBXFileReference; explicitFileType = wrapper.application; includeInIndex = 0; path = "helloAppleWatch WatchKit 1 App.app"; sourceTree = BUILT_PRODUCTS_DIR; };
		70288CB41BC7BD72007FB970 /* Base */ = {isa = PBXFileReference; lastKnownFileType = file.storyboard; name = Base; path = Base.lproj/Interface.storyboard; sourceTree = "<group>"; };
		70288CB61BC7BD72007FB970 /* Assets.xcassets */ = {isa = PBXFileReference; lastKnownFileType = folder.assetcatalog; path = Assets.xcassets; sourceTree = "<group>"; };
		70288CB81BC7BD72007FB970 /* Info.plist */ = {isa = PBXFileReference; lastKnownFileType = text.plist.xml; path = Info.plist; sourceTree = "<group>"; };
/* End PBXFileReference section */

/* Begin PBXFrameworksBuildPhase section */
		70288C621BC7BD56007FB970 /* Frameworks */ = {
			isa = PBXFrameworksBuildPhase;
			buildActionMask = 2147483647;
			files = (
			);
			runOnlyForDeploymentPostprocessing = 0;
		};
		70288C7B1BC7BD57007FB970 /* Frameworks */ = {
			isa = PBXFrameworksBuildPhase;
			buildActionMask = 2147483647;
			files = (
			);
			runOnlyForDeploymentPostprocessing = 0;
		};
		70288C861BC7BD57007FB970 /* Frameworks */ = {
			isa = PBXFrameworksBuildPhase;
			buildActionMask = 2147483647;
			files = (
			);
			runOnlyForDeploymentPostprocessing = 0;
		};
		70288C9C1BC7BD72007FB970 /* Frameworks */ = {
			isa = PBXFrameworksBuildPhase;
			buildActionMask = 2147483647;
			files = (
			);
			runOnlyForDeploymentPostprocessing = 0;
		};
/* End PBXFrameworksBuildPhase section */

/* Begin PBXGroup section */
		70288C5C1BC7BD56007FB970 = {
			isa = PBXGroup;
			children = (
				70288C671BC7BD56007FB970 /* helloAppleWatch */,
				70288C811BC7BD57007FB970 /* helloAppleWatchTests */,
				70288C8C1BC7BD57007FB970 /* helloAppleWatchUITests */,
				70288CA01BC7BD72007FB970 /* helloAppleWatch WatchKit 1 Extension */,
				70288CB21BC7BD72007FB970 /* helloAppleWatch WatchKit 1 App */,
				70288C661BC7BD56007FB970 /* Products */,
			);
			sourceTree = "<group>";
		};
		70288C661BC7BD56007FB970 /* Products */ = {
			isa = PBXGroup;
			children = (
				70288C651BC7BD56007FB970 /* helloAppleWatch.app */,
				70288C7E1BC7BD57007FB970 /* helloAppleWatchTests.xctest */,
				70288C891BC7BD57007FB970 /* helloAppleWatchUITests.xctest */,
				70288C9F1BC7BD72007FB970 /* helloAppleWatch WatchKit 1 Extension.appex */,
				70288CAE1BC7BD72007FB970 /* helloAppleWatch WatchKit 1 App.app */,
			);
			name = Products;
			sourceTree = "<group>";
		};
		70288C671BC7BD56007FB970 /* helloAppleWatch */ = {
			isa = PBXGroup;
			children = (
				70288C6B1BC7BD56007FB970 /* AppDelegate.h */,
				70288C6C1BC7BD56007FB970 /* AppDelegate.m */,
				70288C6E1BC7BD56007FB970 /* ViewController.h */,
				70288C6F1BC7BD56007FB970 /* ViewController.m */,
				70288C711BC7BD56007FB970 /* Main.storyboard */,
				70288C741BC7BD56007FB970 /* Assets.xcassets */,
				70288C761BC7BD56007FB970 /* LaunchScreen.storyboard */,
				70288C791BC7BD56007FB970 /* Info.plist */,
				70288C681BC7BD56007FB970 /* Supporting Files */,
			);
			path = helloAppleWatch;
			sourceTree = "<group>";
		};
		70288C681BC7BD56007FB970 /* Supporting Files */ = {
			isa = PBXGroup;
			children = (
				70288C691BC7BD56007FB970 /* main.m */,
			);
			name = "Supporting Files";
			sourceTree = "<group>";
		};
		70288C811BC7BD57007FB970 /* helloAppleWatchTests */ = {
			isa = PBXGroup;
			children = (
				70288C821BC7BD57007FB970 /* helloAppleWatchTests.m */,
				70288C841BC7BD57007FB970 /* Info.plist */,
			);
			path = helloAppleWatchTests;
			sourceTree = "<group>";
		};
		70288C8C1BC7BD57007FB970 /* helloAppleWatchUITests */ = {
			isa = PBXGroup;
			children = (
				70288C8D1BC7BD57007FB970 /* helloAppleWatchUITests.m */,
				70288C8F1BC7BD57007FB970 /* Info.plist */,
			);
			path = helloAppleWatchUITests;
			sourceTree = "<group>";
		};
		70288CA01BC7BD72007FB970 /* helloAppleWatch WatchKit 1 Extension */ = {
			isa = PBXGroup;
			children = (
				70288CA31BC7BD72007FB970 /* InterfaceController.h */,
				70288CA41BC7BD72007FB970 /* InterfaceController.m */,
				70288CA61BC7BD72007FB970 /* NotificationController.h */,
				70288CA71BC7BD72007FB970 /* NotificationController.m */,
				70288CA91BC7BD72007FB970 /* Assets.xcassets */,
				70288CAB1BC7BD72007FB970 /* Info.plist */,
				70288CA11BC7BD72007FB970 /* Supporting Files */,
			);
			path = "helloAppleWatch WatchKit 1 Extension";
			sourceTree = "<group>";
		};
		70288CA11BC7BD72007FB970 /* Supporting Files */ = {
			isa = PBXGroup;
			children = (
				70288CA21BC7BD72007FB970 /* PushNotificationPayload.apns */,
			);
			name = "Supporting Files";
			sourceTree = "<group>";
		};
		70288CB21BC7BD72007FB970 /* helloAppleWatch WatchKit 1 App */ = {
			isa = PBXGroup;
			children = (
				70288CB31BC7BD72007FB970 /* Interface.storyboard */,
				70288CB61BC7BD72007FB970 /* Assets.xcassets */,
				70288CB81BC7BD72007FB970 /* Info.plist */,
			);
			path = "helloAppleWatch WatchKit 1 App";
			sourceTree = "<group>";
		};
/* End PBXGroup section */

/* Begin PBXNativeTarget section */
		70288C641BC7BD56007FB970 /* helloAppleWatch */ = {
			isa = PBXNativeTarget;
			buildConfigurationList = 70288C921BC7BD57007FB970 /* Build configuration list for PBXNativeTarget "helloAppleWatch" */;
			buildPhases = (
				70288C611BC7BD56007FB970 /* Sources */,
				70288C621BC7BD56007FB970 /* Frameworks */,
				70288C631BC7BD56007FB970 /* Resources */,
				70288CC21BC7BD72007FB970 /* Embed App Extensions */,
			);
			buildRules = (
			);
			dependencies = (
				70288CBA1BC7BD72007FB970 /* PBXTargetDependency */,
			);
			name = helloAppleWatch;
			productName = helloAppleWatch;
			productReference = 70288C651BC7BD56007FB970 /* helloAppleWatch.app */;
			productType = "com.apple.product-type.application";
		};
		70288C7D1BC7BD57007FB970 /* helloAppleWatchTests */ = {
			isa = PBXNativeTarget;
			buildConfigurationList = 70288C951BC7BD57007FB970 /* Build configuration list for PBXNativeTarget "helloAppleWatchTests" */;
			buildPhases = (
				70288C7A1BC7BD57007FB970 /* Sources */,
				70288C7B1BC7BD57007FB970 /* Frameworks */,
				70288C7C1BC7BD57007FB970 /* Resources */,
			);
			buildRules = (
			);
			dependencies = (
				70288C801BC7BD57007FB970 /* PBXTargetDependency */,
			);
			name = helloAppleWatchTests;
			productName = helloAppleWatchTests;
			productReference = 70288C7E1BC7BD57007FB970 /* helloAppleWatchTests.xctest */;
			productType = "com.apple.product-type.bundle.unit-test";
		};
		70288C881BC7BD57007FB970 /* helloAppleWatchUITests */ = {
			isa = PBXNativeTarget;
			buildConfigurationList = 70288C981BC7BD57007FB970 /* Build configuration list for PBXNativeTarget "helloAppleWatchUITests" */;
			buildPhases = (
				70288C851BC7BD57007FB970 /* Sources */,
				70288C861BC7BD57007FB970 /* Frameworks */,
				70288C871BC7BD57007FB970 /* Resources */,
			);
			buildRules = (
			);
			dependencies = (
				70288C8B1BC7BD57007FB970 /* PBXTargetDependency */,
			);
			name = helloAppleWatchUITests;
			productName = helloAppleWatchUITests;
			productReference = 70288C891BC7BD57007FB970 /* helloAppleWatchUITests.xctest */;
			productType = "com.apple.product-type.bundle.ui-testing";
		};
		70288C9E1BC7BD72007FB970 /* helloAppleWatch WatchKit 1 Extension */ = {
			isa = PBXNativeTarget;
			buildConfigurationList = 70288CBF1BC7BD72007FB970 /* Build configuration list for PBXNativeTarget "helloAppleWatch WatchKit 1 Extension" */;
			buildPhases = (
				70288C9B1BC7BD72007FB970 /* Sources */,
				70288C9C1BC7BD72007FB970 /* Frameworks */,
				70288C9D1BC7BD72007FB970 /* Resources */,
			);
			buildRules = (
			);
			dependencies = (
				70288CB11BC7BD72007FB970 /* PBXTargetDependency */,
			);
			name = "helloAppleWatch WatchKit 1 Extension";
			productName = "helloAppleWatch WatchKit 1 Extension";
			productReference = 70288C9F1BC7BD72007FB970 /* helloAppleWatch WatchKit 1 Extension.appex */;
			productType = "com.apple.product-type.watchkit-extension";
		};
		70288CAD1BC7BD72007FB970 /* helloAppleWatch WatchKit 1 App */ = {
			isa = PBXNativeTarget;
			buildConfigurationList = 70288CBC1BC7BD72007FB970 /* Build configuration list for PBXNativeTarget "helloAppleWatch WatchKit 1 App" */;
			buildPhases = (
				70288CAC1BC7BD72007FB970 /* Resources */,
			);
			buildRules = (
			);
			dependencies = (
			);
			name = "helloAppleWatch WatchKit 1 App";
			productName = "helloAppleWatch WatchKit 1 App";
			productReference = 70288CAE1BC7BD72007FB970 /* helloAppleWatch WatchKit 1 App.app */;
			productType = "com.apple.product-type.application.watchapp";
		};
/* End PBXNativeTarget section */

/* Begin PBXProject section */
		70288C5D1BC7BD56007FB970 /* Project object */ = {
			isa = PBXProject;
			attributes = {
				LastUpgradeCheck = 0700;
				ORGANIZATIONNAME = "小码哥";
				TargetAttributes = {
					70288C641BC7BD56007FB970 = {
						CreatedOnToolsVersion = 7.0;
					};
					70288C7D1BC7BD57007FB970 = {
						CreatedOnToolsVersion = 7.0;
						TestTargetID = 70288C641BC7BD56007FB970;
					};
					70288C881BC7BD57007FB970 = {
						CreatedOnToolsVersion = 7.0;
						TestTargetID = 70288C641BC7BD56007FB970;
					};
					70288C9E1BC7BD72007FB970 = {
						CreatedOnToolsVersion = 7.0;
					};
					70288CAD1BC7BD72007FB970 = {
						CreatedOnToolsVersion = 7.0;
					};
				};
			};
			buildConfigurationList = 70288C601BC7BD56007FB970 /* Build configuration list for PBXProject "helloAppleWatch" */;
			compatibilityVersion = "Xcode 3.2";
			developmentRegion = English;
			hasScannedForEncodings = 0;
			knownRegions = (
				en,
				Base,
			);
			mainGroup = 70288C5C1BC7BD56007FB970;
			productRefGroup = 70288C661BC7BD56007FB970 /* Products */;
			projectDirPath = "";
			projectRoot = "";
			targets = (
				70288C641BC7BD56007FB970 /* helloAppleWatch */,
				70288C7D1BC7BD57007FB970 /* helloAppleWatchTests */,
				70288C881BC7BD57007FB970 /* helloAppleWatchUITests */,
				70288C9E1BC7BD72007FB970 /* helloAppleWatch WatchKit 1 Extension */,
				70288CAD1BC7BD72007FB970 /* helloAppleWatch WatchKit 1 App */,
			);
		};
/* End PBXProject section */

/* Begin PBXResourcesBuildPhase section */
		70288C631BC7BD56007FB970 /* Resources */ = {
			isa = PBXResourcesBuildPhase;
			buildActionMask = 2147483647;
			files = (
				70288C781BC7BD56007FB970 /* LaunchScreen.storyboard in Resources */,
				70288C751BC7BD56007FB970 /* Assets.xcassets in Resources */,
				70288C731BC7BD56007FB970 /* Main.storyboard in Resources */,
			);
			runOnlyForDeploymentPostprocessing = 0;
		};
		70288C7C1BC7BD57007FB970 /* Resources */ = {
			isa = PBXResourcesBuildPhase;
			buildActionMask = 2147483647;
			files = (
			);
			runOnlyForDeploymentPostprocessing = 0;
		};
		70288C871BC7BD57007FB970 /* Resources */ = {
			isa = PBXResourcesBuildPhase;
			buildActionMask = 2147483647;
			files = (
			);
			runOnlyForDeploymentPostprocessing = 0;
		};
		70288C9D1BC7BD72007FB970 /* Resources */ = {
			isa = PBXResourcesBuildPhase;
			buildActionMask = 2147483647;
			files = (
				70288CAA1BC7BD72007FB970 /* Assets.xcassets in Resources */,
				70288CAF1BC7BD72007FB970 /* helloAppleWatch WatchKit 1 App.app in Resources */,
			);
			runOnlyForDeploymentPostprocessing = 0;
		};
		70288CAC1BC7BD72007FB970 /* Resources */ = {
			isa = PBXResourcesBuildPhase;
			buildActionMask = 2147483647;
			files = (
				70288CB71BC7BD72007FB970 /* Assets.xcassets in Resources */,
				70288CB51BC7BD72007FB970 /* Interface.storyboard in Resources */,
			);
			runOnlyForDeploymentPostprocessing = 0;
		};
/* End PBXResourcesBuildPhase section */

/* Begin PBXSourcesBuildPhase section */
		70288C611BC7BD56007FB970 /* Sources */ = {
			isa = PBXSourcesBuildPhase;
			buildActionMask = 2147483647;
			files = (
				70288C701BC7BD56007FB970 /* ViewController.m in Sources */,
				70288C6D1BC7BD56007FB970 /* AppDelegate.m in Sources */,
				70288C6A1BC7BD56007FB970 /* main.m in Sources */,
			);
			runOnlyForDeploymentPostprocessing = 0;
		};
		70288C7A1BC7BD57007FB970 /* Sources */ = {
			isa = PBXSourcesBuildPhase;
			buildActionMask = 2147483647;
			files = (
				70288C831BC7BD57007FB970 /* helloAppleWatchTests.m in Sources */,
			);
			runOnlyForDeploymentPostprocessing = 0;
		};
		70288C851BC7BD57007FB970 /* Sources */ = {
			isa = PBXSourcesBuildPhase;
			buildActionMask = 2147483647;
			files = (
				70288C8E1BC7BD57007FB970 /* helloAppleWatchUITests.m in Sources */,
			);
			runOnlyForDeploymentPostprocessing = 0;
		};
		70288C9B1BC7BD72007FB970 /* Sources */ = {
			isa = PBXSourcesBuildPhase;
			buildActionMask = 2147483647;
			files = (
				70288CA81BC7BD72007FB970 /* NotificationController.m in Sources */,
				70288CA51BC7BD72007FB970 /* InterfaceController.m in Sources */,
			);
			runOnlyForDeploymentPostprocessing = 0;
		};
/* End PBXSourcesBuildPhase section */

/* Begin PBXTargetDependency section */
		70288C801BC7BD57007FB970 /* PBXTargetDependency */ = {
			isa = PBXTargetDependency;
			target = 70288C641BC7BD56007FB970 /* helloAppleWatch */;
			targetProxy = 70288C7F1BC7BD57007FB970 /* PBXContainerItemProxy */;
		};
		70288C8B1BC7BD57007FB970 /* PBXTargetDependency */ = {
			isa = PBXTargetDependency;
			target = 70288C641BC7BD56007FB970 /* helloAppleWatch */;
			targetProxy = 70288C8A1BC7BD57007FB970 /* PBXContainerItemProxy */;
		};
		70288CB11BC7BD72007FB970 /* PBXTargetDependency */ = {
			isa = PBXTargetDependency;
			target = 70288CAD1BC7BD72007FB970 /* helloAppleWatch WatchKit 1 App */;
			targetProxy = 70288CB01BC7BD72007FB970 /* PBXContainerItemProxy */;
		};
		70288CBA1BC7BD72007FB970 /* PBXTargetDependency */ = {
			isa = PBXTargetDependency;
			target = 70288C9E1BC7BD72007FB970 /* helloAppleWatch WatchKit 1 Extension */;
			targetProxy = 70288CB91BC7BD72007FB970 /* PBXContainerItemProxy */;
		};
/* End PBXTargetDependency section */

/* Begin PBXVariantGroup section */
		70288C711BC7BD56007FB970 /* Main.storyboard */ = {
			isa = PBXVariantGroup;
			children = (
				70288C721BC7BD56007FB970 /* Base */,
			);
			name = Main.storyboard;
			sourceTree = "<group>";
		};
		70288C761BC7BD56007FB970 /* LaunchScreen.storyboard */ = {
			isa = PBXVariantGroup;
			children = (
				70288C771BC7BD56007FB970 /* Base */,
			);
			name = LaunchScreen.storyboard;
			sourceTree = "<group>";
		};
		70288CB31BC7BD72007FB970 /* Interface.storyboard */ = {
			isa = PBXVariantGroup;
			children = (
				70288CB41BC7BD72007FB970 /* Base */,
			);
			name = Interface.storyboard;
			sourceTree = "<group>";
		};
/* End PBXVariantGroup section */

/* Begin XCBuildConfiguration section */
		70288C901BC7BD57007FB970 /* Debug */ = {
			isa = XCBuildConfiguration;
			buildSettings = {
				ALWAYS_SEARCH_USER_PATHS = NO;
				CLANG_CXX_LANGUAGE_STANDARD = "gnu++0x";
				CLANG_CXX_LIBRARY = "libc++";
				CLANG_ENABLE_MODULES = YES;
				CLANG_ENABLE_OBJC_ARC = YES;
				CLANG_WARN_BOOL_CONVERSION = YES;
				CLANG_WARN_CONSTANT_CONVERSION = YES;
				CLANG_WARN_DIRECT_OBJC_ISA_USAGE = YES_ERROR;
				CLANG_WARN_EMPTY_BODY = YES;
				CLANG_WARN_ENUM_CONVERSION = YES;
				CLANG_WARN_INT_CONVERSION = YES;
				CLANG_WARN_OBJC_ROOT_CLASS = YES_ERROR;
				CLANG_WARN_UNREACHABLE_CODE = YES;
				CLANG_WARN__DUPLICATE_METHOD_MATCH = YES;
				"CODE_SIGN_IDENTITY[sdk=iphoneos*]" = "iPhone Developer";
				COPY_PHASE_STRIP = NO;
				DEBUG_INFORMATION_FORMAT = dwarf;
				ENABLE_STRICT_OBJC_MSGSEND = YES;
				ENABLE_TESTABILITY = YES;
				GCC_C_LANGUAGE_STANDARD = gnu99;
				GCC_DYNAMIC_NO_PIC = NO;
				GCC_NO_COMMON_BLOCKS = YES;
				GCC_OPTIMIZATION_LEVEL = 0;
				GCC_PREPROCESSOR_DEFINITIONS = (
					"DEBUG=1",
					"$(inherited)",
				);
				GCC_WARN_64_TO_32_BIT_CONVERSION = YES;
				GCC_WARN_ABOUT_RETURN_TYPE = YES_ERROR;
				GCC_WARN_UNDECLARED_SELECTOR = YES;
				GCC_WARN_UNINITIALIZED_AUTOS = YES_AGGRESSIVE;
				GCC_WARN_UNUSED_FUNCTION = YES;
				GCC_WARN_UNUSED_VARIABLE = YES;
				IPHONEOS_DEPLOYMENT_TARGET = 9.0;
				MTL_ENABLE_DEBUG_INFO = YES;
				ONLY_ACTIVE_ARCH = YES;
				SDKROOT = iphoneos;
			};
			name = Debug;
		};
		70288C911BC7BD57007FB970 /* Release */ = {
			isa = XCBuildConfiguration;
			buildSettings = {
				ALWAYS_SEARCH_USER_PATHS = NO;
				CLANG_CXX_LANGUAGE_STANDARD = "gnu++0x";
				CLANG_CXX_LIBRARY = "libc++";
				CLANG_ENABLE_MODULES = YES;
				CLANG_ENABLE_OBJC_ARC = YES;
				CLANG_WARN_BOOL_CONVERSION = YES;
				CLANG_WARN_CONSTANT_CONVERSION = YES;
				CLANG_WARN_DIRECT_OBJC_ISA_USAGE = YES_ERROR;
				CLANG_WARN_EMPTY_BODY = YES;
				CLANG_WARN_ENUM_CONVERSION = YES;
				CLANG_WARN_INT_CONVERSION = YES;
				CLANG_WARN_OBJC_ROOT_CLASS = YES_ERROR;
				CLANG_WARN_UNREACHABLE_CODE = YES;
				CLANG_WARN__DUPLICATE_METHOD_MATCH = YES;
				"CODE_SIGN_IDENTITY[sdk=iphoneos*]" = "iPhone Developer";
				COPY_PHASE_STRIP = NO;
				DEBUG_INFORMATION_FORMAT = "dwarf-with-dsym";
				ENABLE_NS_ASSERTIONS = NO;
				ENABLE_STRICT_OBJC_MSGSEND = YES;
				GCC_C_LANGUAGE_STANDARD = gnu99;
				GCC_NO_COMMON_BLOCKS = YES;
				GCC_WARN_64_TO_32_BIT_CONVERSION = YES;
				GCC_WARN_ABOUT_RETURN_TYPE = YES_ERROR;
				GCC_WARN_UNDECLARED_SELECTOR = YES;
				GCC_WARN_UNINITIALIZED_AUTOS = YES_AGGRESSIVE;
				GCC_WARN_UNUSED_FUNCTION = YES;
				GCC_WARN_UNUSED_VARIABLE = YES;
				IPHONEOS_DEPLOYMENT_TARGET = 9.0;
				MTL_ENABLE_DEBUG_INFO = NO;
				SDKROOT = iphoneos;
				VALIDATE_PRODUCT = YES;
			};
			name = Release;
		};
		70288C931BC7BD57007FB970 /* Debug */ = {
			isa = XCBuildConfiguration;
			buildSettings = {
				ASSETCATALOG_COMPILER_APPICON_NAME = AppIcon;
				INFOPLIST_FILE = helloAppleWatch/Info.plist;
				LD_RUNPATH_SEARCH_PATHS = "$(inherited) @executable_path/Frameworks";
				PRODUCT_BUNDLE_IDENTIFIER = com.520it.helloAppleWatch;
				PRODUCT_NAME = "$(TARGET_NAME)";
			};
			name = Debug;
		};
		70288C941BC7BD57007FB970 /* Release */ = {
			isa = XCBuildConfiguration;
			buildSettings = {
				ASSETCATALOG_COMPILER_APPICON_NAME = AppIcon;
				INFOPLIST_FILE = helloAppleWatch/Info.plist;
				LD_RUNPATH_SEARCH_PATHS = "$(inherited) @executable_path/Frameworks";
				PRODUCT_BUNDLE_IDENTIFIER = com.520it.helloAppleWatch;
				PRODUCT_NAME = "$(TARGET_NAME)";
			};
			name = Release;
		};
		70288C961BC7BD57007FB970 /* Debug */ = {
			isa = XCBuildConfiguration;
			buildSettings = {
				BUNDLE_LOADER = "$(TEST_HOST)";
				INFOPLIST_FILE = helloAppleWatchTests/Info.plist;
				LD_RUNPATH_SEARCH_PATHS = "$(inherited) @executable_path/Frameworks @loader_path/Frameworks";
				PRODUCT_BUNDLE_IDENTIFIER = com.520it.helloAppleWatchTests;
				PRODUCT_NAME = "$(TARGET_NAME)";
				TEST_HOST = "$(BUILT_PRODUCTS_DIR)/helloAppleWatch.app/helloAppleWatch";
			};
			name = Debug;
		};
		70288C971BC7BD57007FB970 /* Release */ = {
			isa = XCBuildConfiguration;
			buildSettings = {
				BUNDLE_LOADER = "$(TEST_HOST)";
				INFOPLIST_FILE = helloAppleWatchTests/Info.plist;
				LD_RUNPATH_SEARCH_PATHS = "$(inherited) @executable_path/Frameworks @loader_path/Frameworks";
				PRODUCT_BUNDLE_IDENTIFIER = com.520it.helloAppleWatchTests;
				PRODUCT_NAME = "$(TARGET_NAME)";
				TEST_HOST = "$(BUILT_PRODUCTS_DIR)/helloAppleWatch.app/helloAppleWatch";
			};
			name = Release;
		};
		70288C991BC7BD57007FB970 /* Debug */ = {
			isa = XCBuildConfiguration;
			buildSettings = {
				INFOPLIST_FILE = helloAppleWatchUITests/Info.plist;
				LD_RUNPATH_SEARCH_PATHS = "$(inherited) @executable_path/Frameworks @loader_path/Frameworks";
				PRODUCT_BUNDLE_IDENTIFIER = com.520it.helloAppleWatchUITests;
				PRODUCT_NAME = "$(TARGET_NAME)";
				TEST_TARGET_NAME = helloAppleWatch;
				USES_XCTRUNNER = YES;
			};
			name = Debug;
		};
		70288C9A1BC7BD57007FB970 /* Release */ = {
			isa = XCBuildConfiguration;
			buildSettings = {
				INFOPLIST_FILE = helloAppleWatchUITests/Info.plist;
				LD_RUNPATH_SEARCH_PATHS = "$(inherited) @executable_path/Frameworks @loader_path/Frameworks";
				PRODUCT_BUNDLE_IDENTIFIER = com.520it.helloAppleWatchUITests;
				PRODUCT_NAME = "$(TARGET_NAME)";
				TEST_TARGET_NAME = helloAppleWatch;
				USES_XCTRUNNER = YES;
			};
			name = Release;
		};
		70288CBD1BC7BD72007FB970 /* Debug */ = {
			isa = XCBuildConfiguration;
			buildSettings = {
				ASSETCATALOG_COMPILER_APPICON_NAME = AppIcon;
				IBSC_MODULE = helloAppleWatch_WatchKit_1_Extension;
				INFOPLIST_FILE = "helloAppleWatch WatchKit 1 App/Info.plist";
				IPHONEOS_DEPLOYMENT_TARGET = 8.2;
				PRODUCT_BUNDLE_IDENTIFIER = com.520it.helloAppleWatch.watchkitapp;
				PRODUCT_NAME = "$(TARGET_NAME)";
				SKIP_INSTALL = YES;
				TARGETED_DEVICE_FAMILY = 4;
				"TARGETED_DEVICE_FAMILY[sdk=iphonesimulator*]" = "1,4";
			};
			name = Debug;
		};
		70288CBE1BC7BD72007FB970 /* Release */ = {
			isa = XCBuildConfiguration;
			buildSettings = {
				ASSETCATALOG_COMPILER_APPICON_NAME = AppIcon;
				IBSC_MODULE = helloAppleWatch_WatchKit_1_Extension;
				INFOPLIST_FILE = "helloAppleWatch WatchKit 1 App/Info.plist";
				IPHONEOS_DEPLOYMENT_TARGET = 8.2;
				PRODUCT_BUNDLE_IDENTIFIER = com.520it.helloAppleWatch.watchkitapp;
				PRODUCT_NAME = "$(TARGET_NAME)";
				SKIP_INSTALL = YES;
				TARGETED_DEVICE_FAMILY = 4;
				"TARGETED_DEVICE_FAMILY[sdk=iphonesimulator*]" = "1,4";
			};
			name = Release;
		};
		70288CC01BC7BD72007FB970 /* Debug */ = {
			isa = XCBuildConfiguration;
			buildSettings = {
				INFOPLIST_FILE = "helloAppleWatch WatchKit 1 Extension/Info.plist";
				LD_RUNPATH_SEARCH_PATHS = "$(inherited) @executable_path/Frameworks @executable_path/../../Frameworks";
				PRODUCT_BUNDLE_IDENTIFIER = com.520it.helloAppleWatch.watchkitextension;
				PRODUCT_NAME = "${TARGET_NAME}";
				SKIP_INSTALL = YES;
			};
			name = Debug;
		};
		70288CC11BC7BD72007FB970 /* Release */ = {
			isa = XCBuildConfiguration;
			buildSettings = {
				INFOPLIST_FILE = "helloAppleWatch WatchKit 1 Extension/Info.plist";
				LD_RUNPATH_SEARCH_PATHS = "$(inherited) @executable_path/Frameworks @executable_path/../../Frameworks";
				PRODUCT_BUNDLE_IDENTIFIER = com.520it.helloAppleWatch.watchkitextension;
				PRODUCT_NAME = "${TARGET_NAME}";
				SKIP_INSTALL = YES;
			};
			name = Release;
		};
/* End XCBuildConfiguration section */

/* Begin XCConfigurationList section */
		70288C601BC7BD56007FB970 /* Build configuration list for PBXProject "helloAppleWatch" */ = {
			isa = XCConfigurationList;
			buildConfigurations = (
				70288C901BC7BD57007FB970 /* Debug */,
				70288C911BC7BD57007FB970 /* Release */,
			);
			defaultConfigurationIsVisible = 0;
			defaultConfigurationName = Release;
		};
		70288C921BC7BD57007FB970 /* Build configuration list for PBXNativeTarget "helloAppleWatch" */ = {
			isa = XCConfigurationList;
			buildConfigurations = (
				70288C931BC7BD57007FB970 /* Debug */,
				70288C941BC7BD57007FB970 /* Release */,
			);
			defaultConfigurationIsVisible = 0;
		};
		70288C951BC7BD57007FB970 /* Build configuration list for PBXNativeTarget "helloAppleWatchTests" */ = {
			isa = XCConfigurationList;
			buildConfigurations = (
				70288C961BC7BD57007FB970 /* Debug */,
				70288C971BC7BD57007FB970 /* Release */,
			);
			defaultConfigurationIsVisible = 0;
		};
		70288C981BC7BD57007FB970 /* Build configuration list for PBXNativeTarget "helloAppleWatchUITests" */ = {
			isa = XCConfigurationList;
			buildConfigurations = (
				70288C991BC7BD57007FB970 /* Debug */,
				70288C9A1BC7BD57007FB970 /* Release */,
			);
			defaultConfigurationIsVisible = 0;
		};
		70288CBC1BC7BD72007FB970 /* Build configuration list for PBXNativeTarget "helloAppleWatch WatchKit 1 App" */ = {
			isa = XCConfigurationList;
			buildConfigurations = (
				70288CBD1BC7BD72007FB970 /* Debug */,
				70288CBE1BC7BD72007FB970 /* Release */,
			);
			defaultConfigurationIsVisible = 0;
		};
		70288CBF1BC7BD72007FB970 /* Build configuration list for PBXNativeTarget "helloAppleWatch WatchKit 1 Extension" */ = {
			isa = XCConfigurationList;
			buildConfigurations = (
				70288CC01BC7BD72007FB970 /* Debug */,
				70288CC11BC7BD72007FB970 /* Release */,
			);
			defaultConfigurationIsVisible = 0;
		};
/* End XCConfigurationList section */
	};
	rootObject = 70288C5D1BC7BD56007FB970 /* Project object */;
}
